
Microsoft Visual Studio Solution File, Format Version 12.00
# Visual Studio Version 17
VisualStudioVersion = 17.4.33213.308
MinimumVisualStudioVersion = 10.0.40219.1
Project("{9A19103F-16F7-4668-BE54-9A1E7A4F7556}") = "01TestYourKnowledge", "ConsoleApp1\01TestYourKnowledge.csproj", "{663BCB99-C7D6-4624-A4AA-CE38E330A4DA}"
EndProject
Project("{9A19103F-16F7-4668-BE54-9A1E7A4F7556}") = "02UnderstandingTypes", "ConsoleApp2\02UnderstandingTypes.csproj", "{BC7A7452-FA1E-4144-9668-5AF9A7A3DD30}"
EndProject
Global
	GlobalSection(SolutionConfigurationPlatforms) = preSolution
		Debug|Any CPU = Debug|Any CPU
		Release|Any CPU = Release|Any CPU
	EndGlobalSection
	GlobalSection(ProjectConfigurationPlatforms) = postSolution
		{663BCB99-C7D6-4624-A4AA-CE38E330A4DA}.Debug|Any CPU.ActiveCfg = Debug|Any CPU
		{663BCB99-C7D6-4624-A4AA-CE38E330A4DA}.Debug|Any CPU.Build.0 = Debug|Any CPU
		{663BCB99-C7D6-4624-A4AA-CE38E330A4DA}.Release|Any CPU.ActiveCfg = Release|Any CPU
		{663BCB99-C7D6-4624-A4AA-CE38E330A4DA}.Release|Any CPU.Build.0 = Release|Any CPU
		{BC7A7452-FA1E-4144-9668-5AF9A7A3DD30}.Debug|Any CPU.ActiveCfg = Debug|Any CPU
		{BC7A7452-FA1E-4144-9668-5AF9A7A3DD30}.Debug|Any CPU.Build.0 = Debug|Any CPU
		{BC7A7452-FA1E-4144-9668-5AF9A7A3DD30}.Release|Any CPU.ActiveCfg = Release|Any CPU
		{BC7A7452-FA1E-4144-9668-5AF9A7A3DD30}.Release|Any CPU.Build.0 = Release|Any CPU
	EndGlobalSection
	GlobalSection(SolutionProperties) = preSolution
		HideSolutionNode = FALSE
	EndGlobalSection
	GlobalSection(ExtensibilityGlobals) = postSolution
		SolutionGuid = {57CEBA14-3ADC-4058-B2ED-DEE08A1F8A1A}
	EndGlobalSection
EndGlobal
